
Microsoft Visual Studio Solution File, Format Version 12.00
# Visual Studio 14
VisualStudioVersion = 14.0.24720.0
MinimumVisualStudioVersion = 10.0.40219.1
Project("{FAE04EC0-301F-11D3-BF4B-00C04F79EFBC}") = "MVC2 with a class library", "MVC2 with a class library\MVC2 with a class library.csproj", "{3D9B5E20-16CB-42CF-805F-BC869B3A6031}"
EndProject
Project("{FAE04EC0-301F-11D3-BF4B-00C04F79EFBC}") = "BusinessLayer", "BusinessLayer\BusinessLayer.csproj", "{C69C84CF-5BBE-487D-BF06-C29CEB8550B0}"
EndProject
Global
	GlobalSection(SolutionConfigurationPlatforms) = preSolution
		Debug|Any CPU = Debug|Any CPU
		Release|Any CPU = Release|Any CPU
	EndGlobalSection
	GlobalSection(ProjectConfigurationPlatforms) = postSolution
		{3D9B5E20-16CB-42CF-805F-BC869B3A6031}.Debug|Any CPU.ActiveCfg = Debug|Any CPU
		{3D9B5E20-16CB-42CF-805F-BC869B3A6031}.Debug|Any CPU.Build.0 = Debug|Any CPU
		{3D9B5E20-16CB-42CF-805F-BC869B3A6031}.Release|Any CPU.ActiveCfg = Release|Any CPU
		{3D9B5E20-16CB-42CF-805F-BC869B3A6031}.Release|Any CPU.Build.0 = Release|Any CPU
		{C69C84CF-5BBE-487D-BF06-C29CEB8550B0}.Debug|Any CPU.ActiveCfg = Debug|Any CPU
		{C69C84CF-5BBE-487D-BF06-C29CEB8550B0}.Debug|Any CPU.Build.0 = Debug|Any CPU
		{C69C84CF-5BBE-487D-BF06-C29CEB8550B0}.Release|Any CPU.ActiveCfg = Release|Any CPU
		{C69C84CF-5BBE-487D-BF06-C29CEB8550B0}.Release|Any CPU.Build.0 = Release|Any CPU
	EndGlobalSection
	GlobalSection(SolutionProperties) = preSolution
		HideSolutionNode = FALSE
	EndGlobalSection
EndGlobal
